// !$*UTF8*$!
{
	archiveVersion = 1;
	classes = {
	};
	objectVersion = 56;
	objects = {

/* Begin PBXBuildFile section */
		2F4F93CA2BFBD29700C428D0 /* ViewModel.swift in Sources */ = {isa = PBXBuildFile; fileRef = 2F4F93C92BFBD29700C428D0 /* ViewModel.swift */; };
		2F736BCA2C0EA0AC00F90C28 /* Constants.swift in Sources */ = {isa = PBXBuildFile; fileRef = 2F736BC92C0EA0AC00F90C28 /* Constants.swift */; };
		2F77D8B32BFADE58008EFD74 /* CompAmostra2024App.swift in Sources */ = {isa = PBXBuildFile; fileRef = 2F77D8B22BFADE58008EFD74 /* CompAmostra2024App.swift */; };
		2F77D8B52BFADE58008EFD74 /* ContentView.swift in Sources */ = {isa = PBXBuildFile; fileRef = 2F77D8B42BFADE58008EFD74 /* ContentView.swift */; };
		2F77D8B72BFADE59008EFD74 /* Assets.xcassets in Resources */ = {isa = PBXBuildFile; fileRef = 2F77D8B62BFADE59008EFD74 /* Assets.xcassets */; };
		2F77D8BA2BFADE59008EFD74 /* Preview Assets.xcassets in Resources */ = {isa = PBXBuildFile; fileRef = 2F77D8B92BFADE59008EFD74 /* Preview Assets.xcassets */; };
		2F77D8C42BFADE59008EFD74 /* CompAmostra2024Tests.swift in Sources */ = {isa = PBXBuildFile; fileRef = 2F77D8C32BFADE59008EFD74 /* CompAmostra2024Tests.swift */; };
		2F77D8CE2BFADE5A008EFD74 /* CompAmostra2024UITests.swift in Sources */ = {isa = PBXBuildFile; fileRef = 2F77D8CD2BFADE5A008EFD74 /* CompAmostra2024UITests.swift */; };
		2F77D8D02BFADE5A008EFD74 /* CompAmostra2024UITestsLaunchTests.swift in Sources */ = {isa = PBXBuildFile; fileRef = 2F77D8CF2BFADE5A008EFD74 /* CompAmostra2024UITestsLaunchTests.swift */; };
		2F77D8DD2BFADECB008EFD74 /* Networking.swift in Sources */ = {isa = PBXBuildFile; fileRef = 2F77D8DC2BFADECB008EFD74 /* Networking.swift */; };
		2F77D8DF2BFAF16F008EFD74 /* Model.swift in Sources */ = {isa = PBXBuildFile; fileRef = 2F77D8DE2BFAF16F008EFD74 /* Model.swift */; };
/* End PBXBuildFile section */

/* Begin PBXContainerItemProxy section */
		2F77D8C02BFADE59008EFD74 /* PBXContainerItemProxy */ = {
			isa = PBXContainerItemProxy;
			containerPortal = 2F77D8A72BFADE57008EFD74 /* Project object */;
			proxyType = 1;
			remoteGlobalIDString = 2F77D8AE2BFADE57008EFD74;
			remoteInfo = CompAmostra2024;
		};
		2F77D8CA2BFADE5A008EFD74 /* PBXContainerItemProxy */ = {
			isa = PBXContainerItemProxy;
			containerPortal = 2F77D8A72BFADE57008EFD74 /* Project object */;
			proxyType = 1;
			remoteGlobalIDString = 2F77D8AE2BFADE57008EFD74;
			remoteInfo = CompAmostra2024;
		};
/* End PBXContainerItemProxy section */

/* Begin PBXFileReference section */
		2F4F93C92BFBD29700C428D0 /* ViewModel.swift */ = {isa = PBXFileReference; lastKnownFileType = sourcecode.swift; path = ViewModel.swift; sourceTree = "<group>"; };
		2F736BC92C0EA0AC00F90C28 /* Constants.swift */ = {isa = PBXFileReference; lastKnownFileType = sourcecode.swift; path = Constants.swift; sourceTree = "<group>"; };
		2F77D8AF2BFADE58008EFD74 /* CompAmostra2024.app */ = {isa = PBXFileReference; explicitFileType = wrapper.application; includeInIndex = 0; path = CompAmostra2024.app; sourceTree = BUILT_PRODUCTS_DIR; };
		2F77D8B22BFADE58008EFD74 /* CompAmostra2024App.swift */ = {isa = PBXFileReference; lastKnownFileType = sourcecode.swift; path = CompAmostra2024App.swift; sourceTree = "<group>"; };
		2F77D8B42BFADE58008EFD74 /* ContentView.swift */ = {isa = PBXFileReference; lastKnownFileType = sourcecode.swift; path = ContentView.swift; sourceTree = "<group>"; };
		2F77D8B62BFADE59008EFD74 /* Assets.xcassets */ = {isa = PBXFileReference; lastKnownFileType = folder.assetcatalog; path = Assets.xcassets; sourceTree = "<group>"; };
		2F77D8B92BFADE59008EFD74 /* Preview Assets.xcassets */ = {isa = PBXFileReference; lastKnownFileType = folder.assetcatalog; path = "Preview Assets.xcassets"; sourceTree = "<group>"; };
		2F77D8BF2BFADE59008EFD74 /* CompAmostra2024Tests.xctest */ = {isa = PBXFileReference; explicitFileType = wrapper.cfbundle; includeInIndex = 0; path = CompAmostra2024Tests.xctest; sourceTree = BUILT_PRODUCTS_DIR; };
		2F77D8C32BFADE59008EFD74 /* CompAmostra2024Tests.swift */ = {isa = PBXFileReference; lastKnownFileType = sourcecode.swift; path = CompAmostra2024Tests.swift; sourceTree = "<group>"; };
		2F77D8C92BFADE5A008EFD74 /* CompAmostra2024UITests.xctest */ = {isa = PBXFileReference; explicitFileType = wrapper.cfbundle; includeInIndex = 0; path = CompAmostra2024UITests.xctest; sourceTree = BUILT_PRODUCTS_DIR; };
		2F77D8CD2BFADE5A008EFD74 /* CompAmostra2024UITests.swift */ = {isa = PBXFileReference; lastKnownFileType = sourcecode.swift; path = CompAmostra2024UITests.swift; sourceTree = "<group>"; };
		2F77D8CF2BFADE5A008EFD74 /* CompAmostra2024UITestsLaunchTests.swift */ = {isa = PBXFileReference; lastKnownFileType = sourcecode.swift; path = CompAmostra2024UITestsLaunchTests.swift; sourceTree = "<group>"; };
		2F77D8DC2BFADECB008EFD74 /* Networking.swift */ = {isa = PBXFileReference; lastKnownFileType = sourcecode.swift; path = Networking.swift; sourceTree = "<group>"; };
		2F77D8DE2BFAF16F008EFD74 /* Model.swift */ = {isa = PBXFileReference; lastKnownFileType = sourcecode.swift; path = Model.swift; sourceTree = "<group>"; };
/* End PBXFileReference section */

/* Begin PBXFrameworksBuildPhase section */
		2F77D8AC2BFADE57008EFD74 /* Frameworks */ = {
			isa = PBXFrameworksBuildPhase;
			buildActionMask = 2147483647;
			files = (
			);
			runOnlyForDeploymentPostprocessing = 0;
		};
		2F77D8BC2BFADE59008EFD74 /* Frameworks */ = {
			isa = PBXFrameworksBuildPhase;
			buildActionMask = 2147483647;
			files = (
			);
			runOnlyForDeploymentPostprocessing = 0;
		};
		2F77D8C62BFADE5A008EFD74 /* Frameworks */ = {
			isa = PBXFrameworksBuildPhase;
			buildActionMask = 2147483647;
			files = (
			);
			runOnlyForDeploymentPostprocessing = 0;
		};
/* End PBXFrameworksBuildPhase section */

/* Begin PBXGroup section */
		2F77D8A62BFADE57008EFD74 = {
			isa = PBXGroup;
			children = (
				2F77D8B12BFADE58008EFD74 /* CompAmostra2024 */,
				2F77D8C22BFADE59008EFD74 /* CompAmostra2024Tests */,
				2F77D8CC2BFADE5A008EFD74 /* CompAmostra2024UITests */,
				2F77D8B02BFADE58008EFD74 /* Products */,
			);
			sourceTree = "<group>";
		};
		2F77D8B02BFADE58008EFD74 /* Products */ = {
			isa = PBXGroup;
			children = (
				2F77D8AF2BFADE58008EFD74 /* CompAmostra2024.app */,
				2F77D8BF2BFADE59008EFD74 /* CompAmostra2024Tests.xctest */,
				2F77D8C92BFADE5A008EFD74 /* CompAmostra2024UITests.xctest */,
			);
			name = Products;
			sourceTree = "<group>";
		};
		2F77D8B12BFADE58008EFD74 /* CompAmostra2024 */ = {
			isa = PBXGroup;
			children = (
				2F77D8B22BFADE58008EFD74 /* CompAmostra2024App.swift */,
				2F736BC92C0EA0AC00F90C28 /* Constants.swift */,
				2F77D8DE2BFAF16F008EFD74 /* Model.swift */,
				2F4F93C92BFBD29700C428D0 /* ViewModel.swift */,
				2F77D8DC2BFADECB008EFD74 /* Networking.swift */,
				2F77D8B42BFADE58008EFD74 /* ContentView.swift */,
				2F77D8B62BFADE59008EFD74 /* Assets.xcassets */,
				2F77D8B82BFADE59008EFD74 /* Preview Content */,
			);
			path = CompAmostra2024;
			sourceTree = "<group>";
		};
		2F77D8B82BFADE59008EFD74 /* Preview Content */ = {
			isa = PBXGroup;
			children = (
				2F77D8B92BFADE59008EFD74 /* Preview Assets.xcassets */,
			);
			path = "Preview Content";
			sourceTree = "<group>";
		};
		2F77D8C22BFADE59008EFD74 /* CompAmostra2024Tests */ = {
			isa = PBXGroup;
			children = (
				2F77D8C32BFADE59008EFD74 /* CompAmostra2024Tests.swift */,
			);
			path = CompAmostra2024Tests;
			sourceTree = "<group>";
		};
		2F77D8CC2BFADE5A008EFD74 /* CompAmostra2024UITests */ = {
			isa = PBXGroup;
			children = (
				2F77D8CD2BFADE5A008EFD74 /* CompAmostra2024UITests.swift */,
				2F77D8CF2BFADE5A008EFD74 /* CompAmostra2024UITestsLaunchTests.swift */,
			);
			path = CompAmostra2024UITests;
			sourceTree = "<group>";
		};
/* End PBXGroup section */

/* Begin PBXNativeTarget section */
		2F77D8AE2BFADE57008EFD74 /* CompAmostra2024 */ = {
			isa = PBXNativeTarget;
			buildConfigurationList = 2F77D8D32BFADE5A008EFD74 /* Build configuration list for PBXNativeTarget "CompAmostra2024" */;
			buildPhases = (
				2F77D8AB2BFADE57008EFD74 /* Sources */,
				2F77D8AC2BFADE57008EFD74 /* Frameworks */,
				2F77D8AD2BFADE57008EFD74 /* Resources */,
			);
			buildRules = (
			);
			dependencies = (
			);
			name = CompAmostra2024;
			productName = CompAmostra2024;
			productReference = 2F77D8AF2BFADE58008EFD74 /* CompAmostra2024.app */;
			productType = "com.apple.product-type.application";
		};
		2F77D8BE2BFADE59008EFD74 /* CompAmostra2024Tests */ = {
			isa = PBXNativeTarget;
			buildConfigurationList = 2F77D8D62BFADE5A008EFD74 /* Build configuration list for PBXNativeTarget "CompAmostra2024Tests" */;
			buildPhases = (
				2F77D8BB2BFADE59008EFD74 /* Sources */,
				2F77D8BC2BFADE59008EFD74 /* Frameworks */,
				2F77D8BD2BFADE59008EFD74 /* Resources */,
			);
			buildRules = (
			);
			dependencies = (
				2F77D8C12BFADE59008EFD74 /* PBXTargetDependency */,
			);
			name = CompAmostra2024Tests;
			productName = CompAmostra2024Tests;
			productReference = 2F77D8BF2BFADE59008EFD74 /* CompAmostra2024Tests.xctest */;
			productType = "com.apple.product-type.bundle.unit-test";
		};
		2F77D8C82BFADE5A008EFD74 /* CompAmostra2024UITests */ = {
			isa = PBXNativeTarget;
			buildConfigurationList = 2F77D8D92BFADE5A008EFD74 /* Build configuration list for PBXNativeTarget "CompAmostra2024UITests" */;
			buildPhases = (
				2F77D8C52BFADE5A008EFD74 /* Sources */,
				2F77D8C62BFADE5A008EFD74 /* Frameworks */,
				2F77D8C72BFADE5A008EFD74 /* Resources */,
			);
			buildRules = (
			);
			dependencies = (
				2F77D8CB2BFADE5A008EFD74 /* PBXTargetDependency */,
			);
			name = CompAmostra2024UITests;
			productName = CompAmostra2024UITests;
			productReference = 2F77D8C92BFADE5A008EFD74 /* CompAmostra2024UITests.xctest */;
			productType = "com.apple.product-type.bundle.ui-testing";
		};
/* End PBXNativeTarget section */

/* Begin PBXProject section */
		2F77D8A72BFADE57008EFD74 /* Project object */ = {
			isa = PBXProject;
			attributes = {
				BuildIndependentTargetsInParallel = 1;
				LastSwiftUpdateCheck = 1540;
				LastUpgradeCheck = 1540;
				TargetAttributes = {
					2F77D8AE2BFADE57008EFD74 = {
						CreatedOnToolsVersion = 15.4;
					};
					2F77D8BE2BFADE59008EFD74 = {
						CreatedOnToolsVersion = 15.4;
						TestTargetID = 2F77D8AE2BFADE57008EFD74;
					};
					2F77D8C82BFADE5A008EFD74 = {
						CreatedOnToolsVersion = 15.4;
						TestTargetID = 2F77D8AE2BFADE57008EFD74;
					};
				};
			};
			buildConfigurationList = 2F77D8AA2BFADE57008EFD74 /* Build configuration list for PBXProject "CompAmostra2024" */;
			compatibilityVersion = "Xcode 14.0";
			developmentRegion = en;
			hasScannedForEncodings = 0;
			knownRegions = (
				en,
				Base,
			);
			mainGroup = 2F77D8A62BFADE57008EFD74;
			productRefGroup = 2F77D8B02BFADE58008EFD74 /* Products */;
			projectDirPath = "";
			projectRoot = "";
			targets = (
				2F77D8AE2BFADE57008EFD74 /* CompAmostra2024 */,
				2F77D8BE2BFADE59008EFD74 /* CompAmostra2024Tests */,
				2F77D8C82BFADE5A008EFD74 /* CompAmostra2024UITests */,
			);
		};
/* End PBXProject section */

/* Begin PBXResourcesBuildPhase section */
		2F77D8AD2BFADE57008EFD74 /* Resources */ = {
			isa = PBXResourcesBuildPhase;
			buildActionMask = 2147483647;
			files = (
				2F77D8BA2BFADE59008EFD74 /* Preview Assets.xcassets in Resources */,
				2F77D8B72BFADE59008EFD74 /* Assets.xcassets in Resources */,
			);
			runOnlyForDeploymentPostprocessing = 0;
		};
		2F77D8BD2BFADE59008EFD74 /* Resources */ = {
			isa = PBXResourcesBuildPhase;
			buildActionMask = 2147483647;
			files = (
			);
			runOnlyForDeploymentPostprocessing = 0;
		};
		2F77D8C72BFADE5A008EFD74 /* Resources */ = {
			isa = PBXResourcesBuildPhase;
			buildActionMask = 2147483647;
			files = (
			);
			runOnlyForDeploymentPostprocessing = 0;
		};
/* End PBXResourcesBuildPhase section */

/* Begin PBXSourcesBuildPhase section */
		2F77D8AB2BFADE57008EFD74 /* Sources */ = {
			isa = PBXSourcesBuildPhase;
			buildActionMask = 2147483647;
			files = (
				2F4F93CA2BFBD29700C428D0 /* ViewModel.swift in Sources */,
				2F77D8DD2BFADECB008EFD74 /* Networking.swift in Sources */,
				2F77D8B52BFADE58008EFD74 /* ContentView.swift in Sources */,
				2F77D8B32BFADE58008EFD74 /* CompAmostra2024App.swift in Sources */,
				2F77D8DF2BFAF16F008EFD74 /* Model.swift in Sources */,
				2F736BCA2C0EA0AC00F90C28 /* Constants.swift in Sources */,
			);
			runOnlyForDeploymentPostprocessing = 0;
		};
		2F77D8BB2BFADE59008EFD74 /* Sources */ = {
			isa = PBXSourcesBuildPhase;
			buildActionMask = 2147483647;
			files = (
				2F77D8C42BFADE59008EFD74 /* CompAmostra2024Tests.swift in Sources */,
			);
			runOnlyForDeploymentPostprocessing = 0;
		};
		2F77D8C52BFADE5A008EFD74 /* Sources */ = {
			isa = PBXSourcesBuildPhase;
			buildActionMask = 2147483647;
			files = (
				2F77D8CE2BFADE5A008EFD74 /* CompAmostra2024UITests.swift in Sources */,
				2F77D8D02BFADE5A008EFD74 /* CompAmostra2024UITestsLaunchTests.swift in Sources */,
			);
			runOnlyForDeploymentPostprocessing = 0;
		};
/* End PBXSourcesBuildPhase section */

/* Begin PBXTargetDependency section */
		2F77D8C12BFADE59008EFD74 /* PBXTargetDependency */ = {
			isa = PBXTargetDependency;
			target = 2F77D8AE2BFADE57008EFD74 /* CompAmostra2024 */;
			targetProxy = 2F77D8C02BFADE59008EFD74 /* PBXContainerItemProxy */;
		};
		2F77D8CB2BFADE5A008EFD74 /* PBXTargetDependency */ = {
			isa = PBXTargetDependency;
			target = 2F77D8AE2BFADE57008EFD74 /* CompAmostra2024 */;
			targetProxy = 2F77D8CA2BFADE5A008EFD74 /* PBXContainerItemProxy */;
		};
/* End PBXTargetDependency section */

/* Begin XCBuildConfiguration section */
		2F77D8D12BFADE5A008EFD74 /* Debug */ = {
			isa = XCBuildConfiguration;
			buildSettings = {
				ALWAYS_SEARCH_USER_PATHS = NO;
				ASSETCATALOG_COMPILER_GENERATE_SWIFT_ASSET_SYMBOL_EXTENSIONS = YES;
				CLANG_ANALYZER_NONNULL = YES;
				CLANG_ANALYZER_NUMBER_OBJECT_CONVERSION = YES_AGGRESSIVE;
				CLANG_CXX_LANGUAGE_STANDARD = "gnu++20";
				CLANG_ENABLE_MODULES = YES;
				CLANG_ENABLE_OBJC_ARC = YES;
				CLANG_ENABLE_OBJC_WEAK = YES;
				CLANG_WARN_BLOCK_CAPTURE_AUTORELEASING = YES;
				CLANG_WARN_BOOL_CONVERSION = YES;
				CLANG_WARN_COMMA = YES;
				CLANG_WARN_CONSTANT_CONVERSION = YES;
				CLANG_WARN_DEPRECATED_OBJC_IMPLEMENTATIONS = YES;
				CLANG_WARN_DIRECT_OBJC_ISA_USAGE = YES_ERROR;
				CLANG_WARN_DOCUMENTATION_COMMENTS = YES;
				CLANG_WARN_EMPTY_BODY = YES;
				CLANG_WARN_ENUM_CONVERSION = YES;
				CLANG_WARN_INFINITE_RECURSION = YES;
				CLANG_WARN_INT_CONVERSION = YES;
				CLANG_WARN_NON_LITERAL_NULL_CONVERSION = YES;
				CLANG_WARN_OBJC_IMPLICIT_RETAIN_SELF = YES;
				CLANG_WARN_OBJC_LITERAL_CONVERSION = YES;
				CLANG_WARN_OBJC_ROOT_CLASS = YES_ERROR;
				CLANG_WARN_QUOTED_INCLUDE_IN_FRAMEWORK_HEADER = YES;
				CLANG_WARN_RANGE_LOOP_ANALYSIS = YES;
				CLANG_WARN_STRICT_PROTOTYPES = YES;
				CLANG_WARN_SUSPICIOUS_MOVE = YES;
				CLANG_WARN_UNGUARDED_AVAILABILITY = YES_AGGRESSIVE;
				CLANG_WARN_UNREACHABLE_CODE = YES;
				CLANG_WARN__DUPLICATE_METHOD_MATCH = YES;
				COPY_PHASE_STRIP = NO;
				DEBUG_INFORMATION_FORMAT = dwarf;
				ENABLE_STRICT_OBJC_MSGSEND = YES;
				ENABLE_TESTABILITY = YES;
				ENABLE_USER_SCRIPT_SANDBOXING = YES;
				GCC_C_LANGUAGE_STANDARD = gnu17;
				GCC_DYNAMIC_NO_PIC = NO;
				GCC_NO_COMMON_BLOCKS = YES;
				GCC_OPTIMIZATION_LEVEL = 0;
				GCC_PREPROCESSOR_DEFINITIONS = (
					"DEBUG=1",
					"$(inherited)",
				);
				GCC_WARN_64_TO_32_BIT_CONVERSION = YES;
				GCC_WARN_ABOUT_RETURN_TYPE = YES_ERROR;
				GCC_WARN_UNDECLARED_SELECTOR = YES;
				GCC_WARN_UNINITIALIZED_AUTOS = YES_AGGRESSIVE;
				GCC_WARN_UNUSED_FUNCTION = YES;
				GCC_WARN_UNUSED_VARIABLE = YES;
				IPHONEOS_DEPLOYMENT_TARGET = 17.5;
				LOCALIZATION_PREFERS_STRING_CATALOGS = YES;
				MTL_ENABLE_DEBUG_INFO = INCLUDE_SOURCE;
				MTL_FAST_MATH = YES;
				ONLY_ACTIVE_ARCH = YES;
				SDKROOT = iphoneos;
				SWIFT_ACTIVE_COMPILATION_CONDITIONS = "DEBUG $(inherited)";
				SWIFT_OPTIMIZATION_LEVEL = "-Onone";
			};
			name = Debug;
		};
		2F77D8D22BFADE5A008EFD74 /* Release */ = {
			isa = XCBuildConfiguration;
			buildSettings = {
				ALWAYS_SEARCH_USER_PATHS = NO;
				ASSETCATALOG_COMPILER_GENERATE_SWIFT_ASSET_SYMBOL_EXTENSIONS = YES;
				CLANG_ANALYZER_NONNULL = YES;
				CLANG_ANALYZER_NUMBER_OBJECT_CONVERSION = YES_AGGRESSIVE;
				CLANG_CXX_LANGUAGE_STANDARD = "gnu++20";
				CLANG_ENABLE_MODULES = YES;
				CLANG_ENABLE_OBJC_ARC = YES;
				CLANG_ENABLE_OBJC_WEAK = YES;
				CLANG_WARN_BLOCK_CAPTURE_AUTORELEASING = YES;
				CLANG_WARN_BOOL_CONVERSION = YES;
				CLANG_WARN_COMMA = YES;
				CLANG_WARN_CONSTANT_CONVERSION = YES;
				CLANG_WARN_DEPRECATED_OBJC_IMPLEMENTATIONS = YES;
				CLANG_WARN_DIRECT_OBJC_ISA_USAGE = YES_ERROR;
				CLANG_WARN_DOCUMENTATION_COMMENTS = YES;
				CLANG_WARN_EMPTY_BODY = YES;
				CLANG_WARN_ENUM_CONVERSION = YES;
				CLANG_WARN_INFINITE_RECURSION = YES;
				CLANG_WARN_INT_CONVERSION = YES;
				CLANG_WARN_NON_LITERAL_NULL_CONVERSION = YES;
				CLANG_WARN_OBJC_IMPLICIT_RETAIN_SELF = YES;
				CLANG_WARN_OBJC_LITERAL_CONVERSION = YES;
				CLANG_WARN_OBJC_ROOT_CLASS = YES_ERROR;
				CLANG_WARN_QUOTED_INCLUDE_IN_FRAMEWORK_HEADER = YES;
				CLANG_WARN_RANGE_LOOP_ANALYSIS = YES;
				CLANG_WARN_STRICT_PROTOTYPES = YES;
				CLANG_WARN_SUSPICIOUS_MOVE = YES;
				CLANG_WARN_UNGUARDED_AVAILABILITY = YES_AGGRESSIVE;
				CLANG_WARN_UNREACHABLE_CODE = YES;
				CLANG_WARN__DUPLICATE_METHOD_MATCH = YES;
				COPY_PHASE_STRIP = NO;
				DEBUG_INFORMATION_FORMAT = "dwarf-with-dsym";
				ENABLE_NS_ASSERTIONS = NO;
				ENABLE_STRICT_OBJC_MSGSEND = YES;
				ENABLE_USER_SCRIPT_SANDBOXING = YES;
				GCC_C_LANGUAGE_STANDARD = gnu17;
				GCC_NO_COMMON_BLOCKS = YES;
				GCC_WARN_64_TO_32_BIT_CONVERSION = YES;
				GCC_WARN_ABOUT_RETURN_TYPE = YES_ERROR;
				GCC_WARN_UNDECLARED_SELECTOR = YES;
				GCC_WARN_UNINITIALIZED_AUTOS = YES_AGGRESSIVE;
				GCC_WARN_UNUSED_FUNCTION = YES;
				GCC_WARN_UNUSED_VARIABLE = YES;
				IPHONEOS_DEPLOYMENT_TARGET = 17.5;
				LOCALIZATION_PREFERS_STRING_CATALOGS = YES;
				MTL_ENABLE_DEBUG_INFO = NO;
				MTL_FAST_MATH = YES;
				SDKROOT = iphoneos;
				SWIFT_COMPILATION_MODE = wholemodule;
				VALIDATE_PRODUCT = YES;
			};
			name = Release;
		};
		2F77D8D42BFADE5A008EFD74 /* Debug */ = {
			isa = XCBuildConfiguration;
			buildSettings = {
				ASSETCATALOG_COMPILER_APPICON_NAME = AppIcon;
				ASSETCATALOG_COMPILER_GLOBAL_ACCENT_COLOR_NAME = AccentColor;
				CODE_SIGN_STYLE = Automatic;
				CURRENT_PROJECT_VERSION = 1;
				DEVELOPMENT_ASSET_PATHS = "\"CompAmostra2024/Preview Content\"";
				ENABLE_PREVIEWS = YES;
				GENERATE_INFOPLIST_FILE = YES;
				INFOPLIST_FILE = CompAmostra2024/Info.plist;
				INFOPLIST_KEY_UIApplicationSceneManifest_Generation = YES;
				INFOPLIST_KEY_UIApplicationSupportsIndirectInputEvents = YES;
				INFOPLIST_KEY_UILaunchScreen_Generation = YES;
				INFOPLIST_KEY_UISupportedInterfaceOrientations_iPad = "UIInterfaceOrientationPortrait UIInterfaceOrientationPortraitUpsideDown UIInterfaceOrientationLandscapeLeft UIInterfaceOrientationLandscapeRight";
				INFOPLIST_KEY_UISupportedInterfaceOrientations_iPhone = "UIInterfaceOrientationPortrait UIInterfaceOrientationLandscapeLeft UIInterfaceOrientationLandscapeRight";
				LD_RUNPATH_SEARCH_PATHS = (
					"$(inherited)",
					"@executable_path/Frameworks",
				);
				MARKETING_VERSION = 1.0;
				PRODUCT_BUNDLE_IDENTIFIER = br.com.cesupa.geta.CompAmostra2024;
				PRODUCT_NAME = "$(TARGET_NAME)";
				SWIFT_EMIT_LOC_STRINGS = YES;
				SWIFT_VERSION = 5.0;
				TARGETED_DEVICE_FAMILY = "1,2";
			};
			name = Debug;
		};
		2F77D8D52BFADE5A008EFD74 /* Release */ = {
			isa = XCBuildConfiguration;
			buildSettings = {
				ASSETCATALOG_COMPILER_APPICON_NAME = AppIcon;
				ASSETCATALOG_COMPILER_GLOBAL_ACCENT_COLOR_NAME = AccentColor;
				CODE_SIGN_STYLE = Automatic;
				CURRENT_PROJECT_VERSION = 1;
				DEVELOPMENT_ASSET_PATHS = "\"CompAmostra2024/Preview Content\"";
				ENABLE_PREVIEWS = YES;
				GENERATE_INFOPLIST_FILE = YES;
				INFOPLIST_FILE = CompAmostra2024/Info.plist;
				INFOPLIST_KEY_UIApplicationSceneManifest_Generation = YES;
				INFOPLIST_KEY_UIApplicationSupportsIndirectInputEvents = YES;
				INFOPLIST_KEY_UILaunchScreen_Generation = YES;
				INFOPLIST_KEY_UISupportedInterfaceOrientations_iPad = "UIInterfaceOrientationPortrait UIInterfaceOrientationPortraitUpsideDown UIInterfaceOrientationLandscapeLeft UIInterfaceOrientationLandscapeRight";
				INFOPLIST_KEY_UISupportedInterfaceOrientations_iPhone = "UIInterfaceOrientationPortrait UIInterfaceOrientationLandscapeLeft UIInterfaceOrientationLandscapeRight";
				LD_RUNPATH_SEARCH_PATHS = (
					"$(inherited)",
					"@executable_path/Frameworks",
				);
				MARKETING_VERSION = 1.0;
				PRODUCT_BUNDLE_IDENTIFIER = br.com.cesupa.geta.CompAmostra2024;
				PRODUCT_NAME = "$(TARGET_NAME)";
				SWIFT_EMIT_LOC_STRINGS = YES;
				SWIFT_VERSION = 5.0;
				TARGETED_DEVICE_FAMILY = "1,2";
			};
			name = Release;
		};
		2F77D8D72BFADE5A008EFD74 /* Debug */ = {
			isa = XCBuildConfiguration;
			buildSettings = {
				ALWAYS_EMBED_SWIFT_STANDARD_LIBRARIES = YES;
				BUNDLE_LOADER = "$(TEST_HOST)";
				CODE_SIGN_STYLE = Automatic;
				CURRENT_PROJECT_VERSION = 1;
				GENERATE_INFOPLIST_FILE = YES;
				IPHONEOS_DEPLOYMENT_TARGET = 17.5;
				MARKETING_VERSION = 1.0;
				PRODUCT_BUNDLE_IDENTIFIER = br.com.cesupa.geta.CompAmostra2024Tests;
				PRODUCT_NAME = "$(TARGET_NAME)";
				SWIFT_EMIT_LOC_STRINGS = NO;
				SWIFT_VERSION = 5.0;
				TARGETED_DEVICE_FAMILY = "1,2";
				TEST_HOST = "$(BUILT_PRODUCTS_DIR)/CompAmostra2024.app/$(BUNDLE_EXECUTABLE_FOLDER_PATH)/CompAmostra2024";
			};
			name = Debug;
		};
		2F77D8D82BFADE5A008EFD74 /* Release */ = {
			isa = XCBuildConfiguration;
			buildSettings = {
				ALWAYS_EMBED_SWIFT_STANDARD_LIBRARIES = YES;
				BUNDLE_LOADER = "$(TEST_HOST)";
				CODE_SIGN_STYLE = Automatic;
				CURRENT_PROJECT_VERSION = 1;
				GENERATE_INFOPLIST_FILE = YES;
				IPHONEOS_DEPLOYMENT_TARGET = 17.5;
				MARKETING_VERSION = 1.0;
				PRODUCT_BUNDLE_IDENTIFIER = br.com.cesupa.geta.CompAmostra2024Tests;
				PRODUCT_NAME = "$(TARGET_NAME)";
				SWIFT_EMIT_LOC_STRINGS = NO;
				SWIFT_VERSION = 5.0;
				TARGETED_DEVICE_FAMILY = "1,2";
				TEST_HOST = "$(BUILT_PRODUCTS_DIR)/CompAmostra2024.app/$(BUNDLE_EXECUTABLE_FOLDER_PATH)/CompAmostra2024";
			};
			name = Release;
		};
		2F77D8DA2BFADE5A008EFD74 /* Debug */ = {
			isa = XCBuildConfiguration;
			buildSettings = {
				ALWAYS_EMBED_SWIFT_STANDARD_LIBRARIES = YES;
				CODE_SIGN_STYLE = Automatic;
				CURRENT_PROJECT_VERSION = 1;
				GENERATE_INFOPLIST_FILE = YES;
				MARKETING_VERSION = 1.0;
				PRODUCT_BUNDLE_IDENTIFIER = br.com.cesupa.geta.CompAmostra2024UITests;
				PRODUCT_NAME = "$(TARGET_NAME)";
				SWIFT_EMIT_LOC_STRINGS = NO;
				SWIFT_VERSION = 5.0;
				TARGETED_DEVICE_FAMILY = "1,2";
				TEST_TARGET_NAME = CompAmostra2024;
			};
			name = Debug;
		};
		2F77D8DB2BFADE5A008EFD74 /* Release */ = {
			isa = XCBuildConfiguration;
			buildSettings = {
				ALWAYS_EMBED_SWIFT_STANDARD_LIBRARIES = YES;
				CODE_SIGN_STYLE = Automatic;
				CURRENT_PROJECT_VERSION = 1;
				GENERATE_INFOPLIST_FILE = YES;
				MARKETING_VERSION = 1.0;
				PRODUCT_BUNDLE_IDENTIFIER = br.com.cesupa.geta.CompAmostra2024UITests;
				PRODUCT_NAME = "$(TARGET_NAME)";
				SWIFT_EMIT_LOC_STRINGS = NO;
				SWIFT_VERSION = 5.0;
				TARGETED_DEVICE_FAMILY = "1,2";
				TEST_TARGET_NAME = CompAmostra2024;
			};
			name = Release;
		};
/* End XCBuildConfiguration section */

/* Begin XCConfigurationList section */
		2F77D8AA2BFADE57008EFD74 /* Build configuration list for PBXProject "CompAmostra2024" */ = {
			isa = XCConfigurationList;
			buildConfigurations = (
				2F77D8D12BFADE5A008EFD74 /* Debug */,
				2F77D8D22BFADE5A008EFD74 /* Release */,
			);
			defaultConfigurationIsVisible = 0;
			defaultConfigurationName = Release;
		};
		2F77D8D32BFADE5A008EFD74 /* Build configuration list for PBXNativeTarget "CompAmostra2024" */ = {
			isa = XCConfigurationList;
			buildConfigurations = (
				2F77D8D42BFADE5A008EFD74 /* Debug */,
				2F77D8D52BFADE5A008EFD74 /* Release */,
			);
			defaultConfigurationIsVisible = 0;
			defaultConfigurationName = Release;
		};
		2F77D8D62BFADE5A008EFD74 /* Build configuration list for PBXNativeTarget "CompAmostra2024Tests" */ = {
			isa = XCConfigurationList;
			buildConfigurations = (
				2F77D8D72BFADE5A008EFD74 /* Debug */,
				2F77D8D82BFADE5A008EFD74 /* Release */,
			);
			defaultConfigurationIsVisible = 0;
			defaultConfigurationName = Release;
		};
		2F77D8D92BFADE5A008EFD74 /* Build configuration list for PBXNativeTarget "CompAmostra2024UITests" */ = {
			isa = XCConfigurationList;
			buildConfigurations = (
				2F77D8DA2BFADE5A008EFD74 /* Debug */,
				2F77D8DB2BFADE5A008EFD74 /* Release */,
			);
			defaultConfigurationIsVisible = 0;
			defaultConfigurationName = Release;
		};
/* End XCConfigurationList section */
	};
	rootObject = 2F77D8A72BFADE57008EFD74 /* Project object */;
}
